
Microsoft Visual Studio Solution File, Format Version 12.00
# Visual Studio Version 17
VisualStudioVersion = 17.9.34728.123
MinimumVisualStudioVersion = 10.0.40219.1
Project("{FAE04EC0-301F-11D3-BF4B-00C04F79EFBC}") = "gRPC.Microservicio.Autor", "gRPC.Microservicio.Autor\gRPC.Microservicio.Autor.csproj", "{D691A404-353C-498B-B27A-255FC3145DCE}"
EndProject
Global
	GlobalSection(SolutionConfigurationPlatforms) = preSolution
		Debug|Any CPU = Debug|Any CPU
		Release|Any CPU = Release|Any CPU
	EndGlobalSection
	GlobalSection(ProjectConfigurationPlatforms) = postSolution
		{D691A404-353C-498B-B27A-255FC3145DCE}.Debug|Any CPU.ActiveCfg = Debug|Any CPU
		{D691A404-353C-498B-B27A-255FC3145DCE}.Debug|Any CPU.Build.0 = Debug|Any CPU
		{D691A404-353C-498B-B27A-255FC3145DCE}.Release|Any CPU.ActiveCfg = Release|Any CPU
		{D691A404-353C-498B-B27A-255FC3145DCE}.Release|Any CPU.Build.0 = Release|Any CPU
	EndGlobalSection
	GlobalSection(SolutionProperties) = preSolution
		HideSolutionNode = FALSE
	EndGlobalSection
	GlobalSection(ExtensibilityGlobals) = postSolution
		SolutionGuid = {10BA007D-E6A1-454F-AB1D-EBC183B7ABD9}
	EndGlobalSection
EndGlobal
